
Microsoft Visual Studio Solution File, Format Version 12.00
# Visual Studio Version 17
VisualStudioVersion = 17.6.33829.357
MinimumVisualStudioVersion = 10.0.40219.1
Project("{9A19103F-16F7-4668-BE54-9A1E7A4F7556}") = "Revolt.Net", "Source\Revolt.Net\Revolt.Net.csproj", "{DF1FCA78-39E6-4947-81AE-108BB9D32242}"
EndProject
Project("{9A19103F-16F7-4668-BE54-9A1E7A4F7556}") = "Revolt.Net.TestBot", "Source\Revolt.Net.TestBot\Revolt.Net.TestBot.csproj", "{8EBEB8FD-AFF7-4D62-BF00-3B6E1ADEDDFA}"
EndProject
Global
	GlobalSection(SolutionConfigurationPlatforms) = preSolution
		Debug|Any CPU = Debug|Any CPU
		Release|Any CPU = Release|Any CPU
	EndGlobalSection
	GlobalSection(ProjectConfigurationPlatforms) = postSolution
		{DF1FCA78-39E6-4947-81AE-108BB9D32242}.Debug|Any CPU.ActiveCfg = Debug|Any CPU
		{DF1FCA78-39E6-4947-81AE-108BB9D32242}.Debug|Any CPU.Build.0 = Debug|Any CPU
		{DF1FCA78-39E6-4947-81AE-108BB9D32242}.Release|Any CPU.ActiveCfg = Release|Any CPU
		{DF1FCA78-39E6-4947-81AE-108BB9D32242}.Release|Any CPU.Build.0 = Release|Any CPU
		{8EBEB8FD-AFF7-4D62-BF00-3B6E1ADEDDFA}.Debug|Any CPU.ActiveCfg = Debug|Any CPU
		{8EBEB8FD-AFF7-4D62-BF00-3B6E1ADEDDFA}.Debug|Any CPU.Build.0 = Debug|Any CPU
		{8EBEB8FD-AFF7-4D62-BF00-3B6E1ADEDDFA}.Release|Any CPU.ActiveCfg = Release|Any CPU
		{8EBEB8FD-AFF7-4D62-BF00-3B6E1ADEDDFA}.Release|Any CPU.Build.0 = Release|Any CPU
	EndGlobalSection
	GlobalSection(SolutionProperties) = preSolution
		HideSolutionNode = FALSE
	EndGlobalSection
	GlobalSection(ExtensibilityGlobals) = postSolution
		SolutionGuid = {CB682890-E350-4527-A474-DB0803B8503E}
	EndGlobalSection
EndGlobal
